
Microsoft Visual Studio Solution File, Format Version 12.00
# Visual Studio Version 16
VisualStudioVersion = 16.0.31112.23
MinimumVisualStudioVersion = 10.0.40219.1
Project("{9A19103F-16F7-4668-BE54-9A1E7A4F7556}") = "StatRoller", "StatRoller.csproj", "{972D6A4C-1F64-4532-9802-1F7081C0C591}"
EndProject
Project("{FAE04EC0-301F-11D3-BF4B-00C04F79EFBC}") = "RollingSim", "..\RollingSim\RollingSim.csproj", "{388F4EEE-99B6-4707-B141-B623A0B12827}"
EndProject
Global
	GlobalSection(SolutionConfigurationPlatforms) = preSolution
		Debug|Any CPU = Debug|Any CPU
		Release|Any CPU = Release|Any CPU
	EndGlobalSection
	GlobalSection(ProjectConfigurationPlatforms) = postSolution
		{972D6A4C-1F64-4532-9802-1F7081C0C591}.Debug|Any CPU.ActiveCfg = Debug|Any CPU
		{972D6A4C-1F64-4532-9802-1F7081C0C591}.Debug|Any CPU.Build.0 = Debug|Any CPU
		{972D6A4C-1F64-4532-9802-1F7081C0C591}.Release|Any CPU.ActiveCfg = Release|Any CPU
		{972D6A4C-1F64-4532-9802-1F7081C0C591}.Release|Any CPU.Build.0 = Release|Any CPU
		{388F4EEE-99B6-4707-B141-B623A0B12827}.Debug|Any CPU.ActiveCfg = Debug|Any CPU
		{388F4EEE-99B6-4707-B141-B623A0B12827}.Debug|Any CPU.Build.0 = Debug|Any CPU
		{388F4EEE-99B6-4707-B141-B623A0B12827}.Release|Any CPU.ActiveCfg = Release|Any CPU
		{388F4EEE-99B6-4707-B141-B623A0B12827}.Release|Any CPU.Build.0 = Release|Any CPU
	EndGlobalSection
	GlobalSection(SolutionProperties) = preSolution
		HideSolutionNode = FALSE
	EndGlobalSection
	GlobalSection(ExtensibilityGlobals) = postSolution
		SolutionGuid = {B9959840-3090-4F43-85E8-4AD625ACE75E}
	EndGlobalSection
EndGlobal
